PODS:
  - Flutter (1.0.0)
  - Google-Mobile-Ads-SDK (11.2.0):
    - GoogleUserMessagingPlatform (>= 1.1)
  - google_mobile_ads (5.1.0):
    - Flutter
    - Google-Mobile-Ads-SDK (~> 11.2.0)
    - webview_flutter_wkwebview
  - GoogleUserMessagingPlatform (2.4.0)
  - path_provider_foundation (0.0.1):
    - Flutter
    - FlutterMacOS
  - sqflite (0.0.3):
    - Flutter
    - FlutterMacOS
  - webview_flutter_wkwebview (0.0.1):
    - Flutter
    - FlutterMacOS

DEPENDENCIES:
  - Flutter (from `Flutter`)
  - Google-Mobile-Ads-SDK
  - google_mobile_ads (from `.symlinks/plugins/google_mobile_ads/ios`)
  - path_provider_foundation (from `.symlinks/plugins/path_provider_foundation/darwin`)
  - sqflite (from `.symlinks/plugins/sqflite/darwin`)
  - webview_flutter_wkwebview (from `.symlinks/plugins/webview_flutter_wkwebview/darwin`)

SPEC REPOS:
  trunk:
    - Google-Mobile-Ads-SDK
    - GoogleUserMessagingPlatform

EXTERNAL SOURCES:
  Flutter:
    :path: Flutter
  google_mobile_ads:
    :path: ".symlinks/plugins/google_mobile_ads/ios"
  path_provider_foundation:
    :path: ".symlinks/plugins/path_provider_foundation/darwin"
  sqflite:
    :path: ".symlinks/plugins/sqflite/darwin"
  webview_flutter_wkwebview:
    :path: ".symlinks/plugins/webview_flutter_wkwebview/darwin"

SPEC CHECKSUMS:
  Flutter: e0871f40cf51350855a761d2e70bf5af5b9b5de7
  Google-Mobile-Ads-SDK: 5a6d005a6cb5b5e8f4c7b69ca05cdea79c181139
  google_mobile_ads: 9379c80fdfa9988fb0e105a407890ff8deb3cf86
  GoogleUserMessagingPlatform: f131fa7978d2ba88d7426702b057c2cc318e6595
  path_provider_foundation: 2b6b4c569c0fb62ec74538f866245ac84301af46
  sqflite: 673a0e54cc04b7d6dba8d24fb8095b31c3a99eec
  webview_flutter_wkwebview: 0982481e3d9c78fd5c6f62a002fcd24fc791f1e4

PODFILE CHECKSUM: d5419286fdb11e2ffff87ad9721b42014e05e25c

COCOAPODS: 1.15.2
